
Microsoft Visual Studio Solution File, Format Version 12.00
# Visual Studio 15
Project("{FAE04EC0-301F-11D3-BF4B-00C04F79EFBC}") = "Assembly-CSharp", "Assembly-CSharp.csproj", "{54BD59C7-8E14-D318-0285-716BE0852BCF}"
EndProject
Project("{FAE04EC0-301F-11D3-BF4B-00C04F79EFBC}") = "Assembly-CSharp-Editor", "Assembly-CSharp-Editor.csproj", "{A45717DC-EF94-4EB6-8EBC-66CFC31F996E}"
EndProject
Global
	GlobalSection(SolutionConfigurationPlatforms) = preSolution
		Debug|Any CPU = Debug|Any CPU
		Release|Any CPU = Release|Any CPU
	EndGlobalSection
	GlobalSection(ProjectConfigurationPlatforms) = postSolution
		{54BD59C7-8E14-D318-0285-716BE0852BCF}.Debug|Any CPU.ActiveCfg = Debug|Any CPU
		{54BD59C7-8E14-D318-0285-716BE0852BCF}.Debug|Any CPU.Build.0 = Debug|Any CPU
		{54BD59C7-8E14-D318-0285-716BE0852BCF}.Release|Any CPU.ActiveCfg = Release|Any CPU
		{54BD59C7-8E14-D318-0285-716BE0852BCF}.Release|Any CPU.Build.0 = Release|Any CPU
		{A45717DC-EF94-4EB6-8EBC-66CFC31F996E}.Debug|Any CPU.ActiveCfg = Debug|Any CPU
		{A45717DC-EF94-4EB6-8EBC-66CFC31F996E}.Debug|Any CPU.Build.0 = Debug|Any CPU
		{A45717DC-EF94-4EB6-8EBC-66CFC31F996E}.Release|Any CPU.ActiveCfg = Release|Any CPU
		{A45717DC-EF94-4EB6-8EBC-66CFC31F996E}.Release|Any CPU.Build.0 = Release|Any CPU
	EndGlobalSection
	GlobalSection(SolutionProperties) = preSolution
		HideSolutionNode = FALSE
	EndGlobalSection
EndGlobal
